version = 1
revision = 1
requires-python = ">=3.13"

[[package]]
name = "asgiref"
version = "3.8.1"
source = { registry = "https://pypi.org/simple" }
sdist = { url = "https://files.pythonhosted.org/packages/29/38/b3395cc9ad1b56d2ddac9970bc8f4141312dbaec28bc7c218b0dfafd0f42/asgiref-3.8.1.tar.gz", hash = "sha256:c343bd80a0bec947a9860adb4c432ffa7db769836c64238fc34bdc3fec84d590", size = 35186 }
wheels = [
    { url = "https://files.pythonhosted.org/packages/39/e3/893e8757be2612e6c266d9bb58ad2e3651524b5b40cf56761e985a28b13e/asgiref-3.8.1-py3-none-any.whl", hash = "sha256:3e1e3ecc849832fe52ccf2cb6686b7a55f82bb1d6aee72a58826471390335e47", size = 23828 },
]

[[package]]
name = "click"
version = "8.1.8"
source = { registry = "https://pypi.org/simple" }
dependencies = [
    { name = "colorama", marker = "sys_platform == 'win32'" },
]
sdist = { url = "https://files.pythonhosted.org/packages/b9/2e/0090cbf739cee7d23781ad4b89a9894a41538e4fcf4c31dcdd705b78eb8b/click-8.1.8.tar.gz", hash = "sha256:ed53c9d8990d83c2a27deae68e4ee337473f6330c040a31d4225c9574d16096a", size = 226593 }
wheels = [
    { url = "https://files.pythonhosted.org/packages/7e/d4/7ebdbd03970677812aac39c869717059dbb71a4cfc033ca6e5221787892c/click-8.1.8-py3-none-any.whl", hash = "sha256:63c132bbbed01578a06712a2d1f497bb62d9c1c0d329b7903a866228027263b2", size = 98188 },
]

[[package]]
name = "colorama"
version = "0.4.6"
source = { registry = "https://pypi.org/simple" }
sdist = { url = "https://files.pythonhosted.org/packages/d8/53/6f443c9a4a8358a93a6792e2acffb9d9d5cb0a5cfd8802644b7b1c9a02e4/colorama-0.4.6.tar.gz", hash = "sha256:08695f5cb7ed6e0531a20572697297273c47b8cae5a63ffc6d6ed5c201be6e44", size = 27697 }
wheels = [
    { url = "https://files.pythonhosted.org/packages/d1/d6/3965ed04c63042e047cb6a3e6ed1a63a35087b6a609aa3a15ed8ac56c221/colorama-0.4.6-py2.py3-none-any.whl", hash = "sha256:4f1d9991f5acc0ca119f9d443620b77f9d6b33703e51011c16baf57afb285fc6", size = 25335 },
]

[[package]]
name = "cssbeautifier"
version = "1.15.4"
source = { registry = "https://pypi.org/simple" }
dependencies = [
    { name = "editorconfig" },
    { name = "jsbeautifier" },
    { name = "six" },
]
sdist = { url = "https://files.pythonhosted.org/packages/f7/01/fdf41c1e5f93d359681976ba10410a04b299d248e28ecce1d4e88588dde4/cssbeautifier-1.15.4.tar.gz", hash = "sha256:9bb08dc3f64c101a01677f128acf01905914cf406baf87434dcde05b74c0acf5", size = 25376 }
wheels = [
    { url = "https://files.pythonhosted.org/packages/63/51/ef6c5628e46092f0a54c7cee69acc827adc6b6aab57b55d344fefbdf28f1/cssbeautifier-1.15.4-py3-none-any.whl", hash = "sha256:78c84d5e5378df7d08622bbd0477a1abdbd209680e95480bf22f12d5701efc98", size = 123667 },
]

[[package]]
name = "django"
version = "5.2"
source = { registry = "https://pypi.org/simple" }
dependencies = [
    { name = "asgiref" },
    { name = "sqlparse" },
    { name = "tzdata", marker = "sys_platform == 'win32'" },
]
sdist = { url = "https://files.pythonhosted.org/packages/4c/1b/c6da718c65228eb3a7ff7ba6a32d8e80fa840ca9057490504e099e4dd1ef/Django-5.2.tar.gz", hash = "sha256:1a47f7a7a3d43ce64570d350e008d2949abe8c7e21737b351b6a1611277c6d89", size = 10824891 }
wheels = [
    { url = "https://files.pythonhosted.org/packages/63/e0/6a5b5ea350c5bd63fe94b05e4c146c18facb51229d9dee42aa39f9fc2214/Django-5.2-py3-none-any.whl", hash = "sha256:91ceed4e3a6db5aedced65e3c8f963118ea9ba753fc620831c77074e620e7d83", size = 8301361 },
]

[[package]]
name = "django-stubs"
version = "5.2.0"
source = { registry = "https://pypi.org/simple" }
dependencies = [
    { name = "asgiref" },
    { name = "django" },
    { name = "django-stubs-ext" },
    { name = "types-pyyaml" },
    { name = "typing-extensions" },
]
sdist = { url = "https://files.pythonhosted.org/packages/87/79/7e7ad8b4bac545c8e608fa8db0bd061977f93035a112be78a7f3ffc6ff66/django_stubs-5.2.0.tar.gz", hash = "sha256:07e25c2d3cbff5be540227ff37719cc89f215dfaaaa5eb038a75b01bbfbb2722", size = 276297 }
wheels = [
    { url = "https://files.pythonhosted.org/packages/9a/01/5913ba5514337f3896c7bcbff6075808184dd303cd0fc3ecc289ec7e0c96/django_stubs-5.2.0-py3-none-any.whl", hash = "sha256:cd52da033489afc1357d6245f49e3cc57bf49015877253fb8efc6722ea3d2d2b", size = 481836 },
]

[[package]]
name = "django-stubs-ext"
version = "5.2.0"
source = { registry = "https://pypi.org/simple" }
dependencies = [
    { name = "django" },
    { name = "typing-extensions" },
]
sdist = { url = "https://files.pythonhosted.org/packages/7c/7a/84338605817960942c1ea9d852685923ccccd0d91ba0d49532605973491f/django_stubs_ext-5.2.0.tar.gz", hash = "sha256:00c4ae307b538f5643af761a914c3f8e4e3f25f4e7c6d7098f1906c0d8f2aac9", size = 9618 }
wheels = [
    { url = "https://files.pythonhosted.org/packages/e2/65/9f5ca467d84a67c0c547f10b0ece9fd9c26c5efc818a01bf6a3d306c2a0c/django_stubs_ext-5.2.0-py3-none-any.whl", hash = "sha256:b27ae0aab970af4894ba4e9b3fcd3e03421dc8731516669659ee56122d148b23", size = 9066 },
]

[[package]]
name = "django101"
version = "0.1.0"
source = { virtual = "." }
dependencies = [
    { name = "django" },
    { name = "djangorestframework" },
    { name = "dynaconf" },
    { name = "gunicorn" },
]

[package.dev-dependencies]
dev = [
    { name = "django-stubs" },
    { name = "djlint" },
    { name = "mypy" },
    { name = "ruff" },
]

[package.metadata]
requires-dist = [
    { name = "django", specifier = ">=5.1.4" },
    { name = "djangorestframework", specifier = ">=3.15.2" },
    { name = "dynaconf", specifier = ">=3.2.6" },
    { name = "gunicorn", specifier = ">=23.0.0" },
]

[package.metadata.requires-dev]
dev = [
    { name = "django-stubs", specifier = ">=5.1.1" },
    { name = "djlint", specifier = ">=1.36.4" },
    { name = "mypy", specifier = ">=1.14.0" },
    { name = "ruff", specifier = ">=0.8.4" },
]

[[package]]
name = "djangorestframework"
version = "3.16.0"
source = { registry = "https://pypi.org/simple" }
dependencies = [
    { name = "django" },
]
sdist = { url = "https://files.pythonhosted.org/packages/7d/97/112c5a72e6917949b6d8a18ad6c6e72c46da4290c8f36ee5f1c1dcbc9901/djangorestframework-3.16.0.tar.gz", hash = "sha256:f022ff46613584de994c0c6a4aebbace5fd700555fbe9d33b865ebf173eba6c9", size = 1068408 }
wheels = [
    { url = "https://files.pythonhosted.org/packages/eb/3e/2448e93f4f87fc9a9f35e73e3c05669e0edd0c2526834686e949bb1fd303/djangorestframework-3.16.0-py3-none-any.whl", hash = "sha256:bea7e9f6b96a8584c5224bfb2e4348dfb3f8b5e34edbecb98da258e892089361", size = 1067305 },
]

[[package]]
name = "djlint"
version = "1.36.4"
source = { registry = "https://pypi.org/simple" }
dependencies = [
    { name = "click" },
    { name = "colorama" },
    { name = "cssbeautifier" },
    { name = "jsbeautifier" },
    { name = "json5" },
    { name = "pathspec" },
    { name = "pyyaml" },
    { name = "regex" },
    { name = "tqdm" },
]
sdist = { url = "https://files.pythonhosted.org/packages/74/89/ecf5be9f5c59a0c53bcaa29671742c5e269cc7d0e2622e3f65f41df251bf/djlint-1.36.4.tar.gz", hash = "sha256:17254f218b46fe5a714b224c85074c099bcb74e3b2e1f15c2ddc2cf415a408a1", size = 47849 }
wheels = [
    { url = "https://files.pythonhosted.org/packages/da/83/88b4c885812921739f5529a29085c3762705154d41caf7eb9a8886a3380c/djlint-1.36.4-cp313-cp313-macosx_10_13_x86_64.whl", hash = "sha256:ead475013bcac46095b1bbc8cf97ed2f06e83422335734363f8a76b4ba7e47c2", size = 354384 },
    { url = "https://files.pythonhosted.org/packages/32/38/67695f7a150b3d9d62fadb65242213d96024151570c3cf5d966effa68b0e/djlint-1.36.4-cp313-cp313-macosx_11_0_arm64.whl", hash = "sha256:6c601dfa68ea253311deb4a29a7362b7a64933bdfcfb5a06618f3e70ad1fa835", size = 322971 },
    { url = "https://files.pythonhosted.org/packages/ac/7a/cd851393291b12e7fe17cf5d4d8874b8ea133aebbe9235f5314aabc96a52/djlint-1.36.4-cp313-cp313-manylinux_2_17_x86_64.manylinux2014_x86_64.manylinux_2_28_x86_64.whl", hash = "sha256:bda5014f295002363381969864addeb2db13955f1b26e772657c3b273ed7809f", size = 410972 },
    { url = "https://files.pythonhosted.org/packages/6c/31/56469120394b970d4f079a552fde21ed27702ca729595ab0ed459eb6d240/djlint-1.36.4-cp313-cp313-win_amd64.whl", hash = "sha256:16ce37e085afe5a30953b2bd87cbe34c37843d94c701fc68a2dda06c1e428ff4", size = 362053 },
    { url = "https://files.pythonhosted.org/packages/4b/67/f7aeea9be6fb3bd984487af8d0d80225a0b1e5f6f7126e3332d349fb13fe/djlint-1.36.4-py3-none-any.whl", hash = "sha256:e9699b8ac3057a6ed04fb90835b89bee954ed1959c01541ce4f8f729c938afdd", size = 52290 },
]

[[package]]
name = "dynaconf"
version = "3.2.10"
source = { registry = "https://pypi.org/simple" }
sdist = { url = "https://files.pythonhosted.org/packages/98/a8/bd76f872481c783a7e29cf0d4eccf773b1a2418b971f389245964223dcd6/dynaconf-3.2.10.tar.gz", hash = "sha256:8dbeef31a2343c8342c9b679772c3d005b4801c587cf2f525f98f57ec2f607f1", size = 234228 }
wheels = [
    { url = "https://files.pythonhosted.org/packages/06/02/3846e28288fa0ee0d45e3e01581629fbfcc1ca53121ad26e0f278daa8241/dynaconf-3.2.10-py2.py3-none-any.whl", hash = "sha256:7f70a4b8a8861efb88d8267aeb6f246c791dc34ecbb8299c26a19abd59113df6", size = 236203 },
]

[[package]]
name = "editorconfig"
version = "0.17.0"
source = { registry = "https://pypi.org/simple" }
sdist = { url = "https://files.pythonhosted.org/packages/b4/29/785595a0d8b30ab8d2486559cfba1d46487b8dcbd99f74960b6b4cca92a4/editorconfig-0.17.0.tar.gz", hash = "sha256:8739052279699840065d3a9f5c125d7d5a98daeefe53b0e5274261d77cb49aa2", size = 13369 }
wheels = [
    { url = "https://files.pythonhosted.org/packages/af/e5/8dba39ea24ca3de0e954e668107692f4dfc13a85300a531fa9a39e83fde4/EditorConfig-0.17.0-py3-none-any.whl", hash = "sha256:fe491719c5f65959ec00b167d07740e7ffec9a3f362038c72b289330b9991dfc", size = 16276 },
]

[[package]]
name = "gunicorn"
version = "23.0.0"
source = { registry = "https://pypi.org/simple" }
dependencies = [
    { name = "packaging" },
]
sdist = { url = "https://files.pythonhosted.org/packages/34/72/9614c465dc206155d93eff0ca20d42e1e35afc533971379482de953521a4/gunicorn-23.0.0.tar.gz", hash = "sha256:f014447a0101dc57e294f6c18ca6b40227a4c90e9bdb586042628030cba004ec", size = 375031 }
wheels = [
    { url = "https://files.pythonhosted.org/packages/cb/7d/6dac2a6e1eba33ee43f318edbed4ff29151a49b5d37f080aad1e6469bca4/gunicorn-23.0.0-py3-none-any.whl", hash = "sha256:ec400d38950de4dfd418cff8328b2c8faed0edb0d517d3394e457c317908ca4d", size = 85029 },
]

[[package]]
name = "jsbeautifier"
version = "1.15.4"
source = { registry = "https://pypi.org/simple" }
dependencies = [
    { name = "editorconfig" },
    { name = "six" },
]
sdist = { url = "https://files.pythonhosted.org/packages/ea/98/d6cadf4d5a1c03b2136837a435682418c29fdeb66be137128544cecc5b7a/jsbeautifier-1.15.4.tar.gz", hash = "sha256:5bb18d9efb9331d825735fbc5360ee8f1aac5e52780042803943aa7f854f7592", size = 75257 }
wheels = [
    { url = "https://files.pythonhosted.org/packages/2d/14/1c65fccf8413d5f5c6e8425f84675169654395098000d8bddc4e9d3390e1/jsbeautifier-1.15.4-py3-none-any.whl", hash = "sha256:72f65de312a3f10900d7685557f84cb61a9733c50dcc27271a39f5b0051bf528", size = 94707 },
]

[[package]]
name = "json5"
version = "0.12.0"
source = { registry = "https://pypi.org/simple" }
sdist = { url = "https://files.pythonhosted.org/packages/12/be/c6c745ec4c4539b25a278b70e29793f10382947df0d9efba2fa09120895d/json5-0.12.0.tar.gz", hash = "sha256:0b4b6ff56801a1c7dc817b0241bca4ce474a0e6a163bfef3fc594d3fd263ff3a", size = 51907 }
wheels = [
    { url = "https://files.pythonhosted.org/packages/41/9f/3500910d5a98549e3098807493851eeef2b89cdd3032227558a104dfe926/json5-0.12.0-py3-none-any.whl", hash = "sha256:6d37aa6c08b0609f16e1ec5ff94697e2cbbfbad5ac112afa05794da9ab7810db", size = 36079 },
]

[[package]]
name = "mypy"
version = "1.15.0"
source = { registry = "https://pypi.org/simple" }
dependencies = [
    { name = "mypy-extensions" },
    { name = "typing-extensions" },
]
sdist = { url = "https://files.pythonhosted.org/packages/ce/43/d5e49a86afa64bd3839ea0d5b9c7103487007d728e1293f52525d6d5486a/mypy-1.15.0.tar.gz", hash = "sha256:404534629d51d3efea5c800ee7c42b72a6554d6c400e6a79eafe15d11341fd43", size = 3239717 }
wheels = [
    { url = "https://files.pythonhosted.org/packages/6a/9b/fd2e05d6ffff24d912f150b87db9e364fa8282045c875654ce7e32fffa66/mypy-1.15.0-cp313-cp313-macosx_10_13_x86_64.whl", hash = "sha256:93faf3fdb04768d44bf28693293f3904bbb555d076b781ad2530214ee53e3445", size = 10788592 },
    { url = "https://files.pythonhosted.org/packages/74/37/b246d711c28a03ead1fd906bbc7106659aed7c089d55fe40dd58db812628/mypy-1.15.0-cp313-cp313-macosx_11_0_arm64.whl", hash = "sha256:811aeccadfb730024c5d3e326b2fbe9249bb7413553f15499a4050f7c30e801d", size = 9753611 },
    { url = "https://files.pythonhosted.org/packages/a6/ac/395808a92e10cfdac8003c3de9a2ab6dc7cde6c0d2a4df3df1b815ffd067/mypy-1.15.0-cp313-cp313-manylinux_2_17_aarch64.manylinux2014_aarch64.manylinux_2_28_aarch64.whl", hash = "sha256:98b7b9b9aedb65fe628c62a6dc57f6d5088ef2dfca37903a7d9ee374d03acca5", size = 11438443 },
    { url = "https://files.pythonhosted.org/packages/d2/8b/801aa06445d2de3895f59e476f38f3f8d610ef5d6908245f07d002676cbf/mypy-1.15.0-cp313-cp313-manylinux_2_17_x86_64.manylinux2014_x86_64.manylinux_2_28_x86_64.whl", hash = "sha256:c43a7682e24b4f576d93072216bf56eeff70d9140241f9edec0c104d0c515036", size = 12402541 },
    { url = "https://files.pythonhosted.org/packages/c7/67/5a4268782eb77344cc613a4cf23540928e41f018a9a1ec4c6882baf20ab8/mypy-1.15.0-cp313-cp313-musllinux_1_2_x86_64.whl", hash = "sha256:baefc32840a9f00babd83251560e0ae1573e2f9d1b067719479bfb0e987c6357", size = 12494348 },
    { url = "https://files.pythonhosted.org/packages/83/3e/57bb447f7bbbfaabf1712d96f9df142624a386d98fb026a761532526057e/mypy-1.15.0-cp313-cp313-win_amd64.whl", hash = "sha256:b9378e2c00146c44793c98b8d5a61039a048e31f429fb0eb546d93f4b000bedf", size = 9373648 },
    { url = "https://files.pythonhosted.org/packages/09/4e/a7d65c7322c510de2c409ff3828b03354a7c43f5a8ed458a7a131b41c7b9/mypy-1.15.0-py3-none-any.whl", hash = "sha256:5469affef548bd1895d86d3bf10ce2b44e33d86923c29e4d675b3e323437ea3e", size = 2221777 },
]

[[package]]
name = "mypy-extensions"
version = "1.1.0"
source = { registry = "https://pypi.org/simple" }
sdist = { url = "https://files.pythonhosted.org/packages/a2/6e/371856a3fb9d31ca8dac321cda606860fa4548858c0cc45d9d1d4ca2628b/mypy_extensions-1.1.0.tar.gz", hash = "sha256:52e68efc3284861e772bbcd66823fde5ae21fd2fdb51c62a211403730b916558", size = 6343 }
wheels = [
    { url = "https://files.pythonhosted.org/packages/79/7b/2c79738432f5c924bef5071f933bcc9efd0473bac3b4aa584a6f7c1c8df8/mypy_extensions-1.1.0-py3-none-any.whl", hash = "sha256:1be4cccdb0f2482337c4743e60421de3a356cd97508abadd57d47403e94f5505", size = 4963 },
]

[[package]]
name = "packaging"
version = "25.0"
source = { registry = "https://pypi.org/simple" }
sdist = { url = "https://files.pythonhosted.org/packages/a1/d4/1fc4078c65507b51b96ca8f8c3ba19e6a61c8253c72794544580a7b6c24d/packaging-25.0.tar.gz", hash = "sha256:d443872c98d677bf60f6a1f2f8c1cb748e8fe762d2bf9d3148b5599295b0fc4f", size = 165727 }
wheels = [
    { url = "https://files.pythonhosted.org/packages/20/12/38679034af332785aac8774540895e234f4d07f7545804097de4b666afd8/packaging-25.0-py3-none-any.whl", hash = "sha256:29572ef2b1f17581046b3a2227d5c611fb25ec70ca1ba8554b24b0e69331a484", size = 66469 },
]

[[package]]
name = "pathspec"
version = "0.12.1"
source = { registry = "https://pypi.org/simple" }
sdist = { url = "https://files.pythonhosted.org/packages/ca/bc/f35b8446f4531a7cb215605d100cd88b7ac6f44ab3fc94870c120ab3adbf/pathspec-0.12.1.tar.gz", hash = "sha256:a482d51503a1ab33b1c67a6c3813a26953dbdc71c31dacaef9a838c4e29f5712", size = 51043 }
wheels = [
    { url = "https://files.pythonhosted.org/packages/cc/20/ff623b09d963f88bfde16306a54e12ee5ea43e9b597108672ff3a408aad6/pathspec-0.12.1-py3-none-any.whl", hash = "sha256:a0d503e138a4c123b27490a4f7beda6a01c6f288df0e4a8b79c7eb0dc7b4cc08", size = 31191 },
]

[[package]]
name = "pyyaml"
version = "6.0.2"
source = { registry = "https://pypi.org/simple" }
sdist = { url = "https://files.pythonhosted.org/packages/54/ed/79a089b6be93607fa5cdaedf301d7dfb23af5f25c398d5ead2525b063e17/pyyaml-6.0.2.tar.gz", hash = "sha256:d584d9ec91ad65861cc08d42e834324ef890a082e591037abe114850ff7bbc3e", size = 130631 }
wheels = [
    { url = "https://files.pythonhosted.org/packages/ef/e3/3af305b830494fa85d95f6d95ef7fa73f2ee1cc8ef5b495c7c3269fb835f/PyYAML-6.0.2-cp313-cp313-macosx_10_13_x86_64.whl", hash = "sha256:efdca5630322a10774e8e98e1af481aad470dd62c3170801852d752aa7a783ba", size = 181309 },
    { url = "https://files.pythonhosted.org/packages/45/9f/3b1c20a0b7a3200524eb0076cc027a970d320bd3a6592873c85c92a08731/PyYAML-6.0.2-cp313-cp313-macosx_11_0_arm64.whl", hash = "sha256:50187695423ffe49e2deacb8cd10510bc361faac997de9efef88badc3bb9e2d1", size = 171679 },
    { url = "https://files.pythonhosted.org/packages/7c/9a/337322f27005c33bcb656c655fa78325b730324c78620e8328ae28b64d0c/PyYAML-6.0.2-cp313-cp313-manylinux_2_17_aarch64.manylinux2014_aarch64.whl", hash = "sha256:0ffe8360bab4910ef1b9e87fb812d8bc0a308b0d0eef8c8f44e0254ab3b07133", size = 733428 },
    { url = "https://files.pythonhosted.org/packages/a3/69/864fbe19e6c18ea3cc196cbe5d392175b4cf3d5d0ac1403ec3f2d237ebb5/PyYAML-6.0.2-cp313-cp313-manylinux_2_17_s390x.manylinux2014_s390x.whl", hash = "sha256:17e311b6c678207928d649faa7cb0d7b4c26a0ba73d41e99c4fff6b6c3276484", size = 763361 },
    { url = "https://files.pythonhosted.org/packages/04/24/b7721e4845c2f162d26f50521b825fb061bc0a5afcf9a386840f23ea19fa/PyYAML-6.0.2-cp313-cp313-manylinux_2_17_x86_64.manylinux2014_x86_64.whl", hash = "sha256:70b189594dbe54f75ab3a1acec5f1e3faa7e8cf2f1e08d9b561cb41b845f69d5", size = 759523 },
    { url = "https://files.pythonhosted.org/packages/2b/b2/e3234f59ba06559c6ff63c4e10baea10e5e7df868092bf9ab40e5b9c56b6/PyYAML-6.0.2-cp313-cp313-musllinux_1_1_aarch64.whl", hash = "sha256:41e4e3953a79407c794916fa277a82531dd93aad34e29c2a514c2c0c5fe971cc", size = 726660 },
    { url = "https://files.pythonhosted.org/packages/fe/0f/25911a9f080464c59fab9027482f822b86bf0608957a5fcc6eaac85aa515/PyYAML-6.0.2-cp313-cp313-musllinux_1_1_x86_64.whl", hash = "sha256:68ccc6023a3400877818152ad9a1033e3db8625d899c72eacb5a668902e4d652", size = 751597 },
    { url = "https://files.pythonhosted.org/packages/14/0d/e2c3b43bbce3cf6bd97c840b46088a3031085179e596d4929729d8d68270/PyYAML-6.0.2-cp313-cp313-win32.whl", hash = "sha256:bc2fa7c6b47d6bc618dd7fb02ef6fdedb1090ec036abab80d4681424b84c1183", size = 140527 },
    { url = "https://files.pythonhosted.org/packages/fa/de/02b54f42487e3d3c6efb3f89428677074ca7bf43aae402517bc7cca949f3/PyYAML-6.0.2-cp313-cp313-win_amd64.whl", hash = "sha256:8388ee1976c416731879ac16da0aff3f63b286ffdd57cdeb95f3f2e085687563", size = 156446 },
]

[[package]]
name = "regex"
version = "2024.11.6"
source = { registry = "https://pypi.org/simple" }
sdist = { url = "https://files.pythonhosted.org/packages/8e/5f/bd69653fbfb76cf8604468d3b4ec4c403197144c7bfe0e6a5fc9e02a07cb/regex-2024.11.6.tar.gz", hash = "sha256:7ab159b063c52a0333c884e4679f8d7a85112ee3078fe3d9004b2dd875585519", size = 399494 }
wheels = [
    { url = "https://files.pythonhosted.org/packages/90/73/bcb0e36614601016552fa9344544a3a2ae1809dc1401b100eab02e772e1f/regex-2024.11.6-cp313-cp313-macosx_10_13_universal2.whl", hash = "sha256:a6ba92c0bcdf96cbf43a12c717eae4bc98325ca3730f6b130ffa2e3c3c723d84", size = 483525 },
    { url = "https://files.pythonhosted.org/packages/0f/3f/f1a082a46b31e25291d830b369b6b0c5576a6f7fb89d3053a354c24b8a83/regex-2024.11.6-cp313-cp313-macosx_10_13_x86_64.whl", hash = "sha256:525eab0b789891ac3be914d36893bdf972d483fe66551f79d3e27146191a37d4", size = 288324 },
    { url = "https://files.pythonhosted.org/packages/09/c9/4e68181a4a652fb3ef5099e077faf4fd2a694ea6e0f806a7737aff9e758a/regex-2024.11.6-cp313-cp313-macosx_11_0_arm64.whl", hash = "sha256:086a27a0b4ca227941700e0b31425e7a28ef1ae8e5e05a33826e17e47fbfdba0", size = 284617 },
    { url = "https://files.pythonhosted.org/packages/fc/fd/37868b75eaf63843165f1d2122ca6cb94bfc0271e4428cf58c0616786dce/regex-2024.11.6-cp313-cp313-manylinux_2_17_aarch64.manylinux2014_aarch64.whl", hash = "sha256:bde01f35767c4a7899b7eb6e823b125a64de314a8ee9791367c9a34d56af18d0", size = 795023 },
    { url = "https://files.pythonhosted.org/packages/c4/7c/d4cd9c528502a3dedb5c13c146e7a7a539a3853dc20209c8e75d9ba9d1b2/regex-2024.11.6-cp313-cp313-manylinux_2_17_ppc64le.manylinux2014_ppc64le.whl", hash = "sha256:b583904576650166b3d920d2bcce13971f6f9e9a396c673187f49811b2769dc7", size = 833072 },
    { url = "https://files.pythonhosted.org/packages/4f/db/46f563a08f969159c5a0f0e722260568425363bea43bb7ae370becb66a67/regex-2024.11.6-cp313-cp313-manylinux_2_17_s390x.manylinux2014_s390x.whl", hash = "sha256:1c4de13f06a0d54fa0d5ab1b7138bfa0d883220965a29616e3ea61b35d5f5fc7", size = 823130 },
    { url = "https://files.pythonhosted.org/packages/db/60/1eeca2074f5b87df394fccaa432ae3fc06c9c9bfa97c5051aed70e6e00c2/regex-2024.11.6-cp313-cp313-manylinux_2_17_x86_64.manylinux2014_x86_64.whl", hash = "sha256:3cde6e9f2580eb1665965ce9bf17ff4952f34f5b126beb509fee8f4e994f143c", size = 796857 },
    { url = "https://files.pythonhosted.org/packages/10/db/ac718a08fcee981554d2f7bb8402f1faa7e868c1345c16ab1ebec54b0d7b/regex-2024.11.6-cp313-cp313-manylinux_2_5_i686.manylinux1_i686.manylinux_2_17_i686.manylinux2014_i686.whl", hash = "sha256:0d7f453dca13f40a02b79636a339c5b62b670141e63efd511d3f8f73fba162b3", size = 784006 },
    { url = "https://files.pythonhosted.org/packages/c2/41/7da3fe70216cea93144bf12da2b87367590bcf07db97604edeea55dac9ad/regex-2024.11.6-cp313-cp313-musllinux_1_2_aarch64.whl", hash = "sha256:59dfe1ed21aea057a65c6b586afd2a945de04fc7db3de0a6e3ed5397ad491b07", size = 781650 },
    { url = "https://files.pythonhosted.org/packages/a7/d5/880921ee4eec393a4752e6ab9f0fe28009435417c3102fc413f3fe81c4e5/regex-2024.11.6-cp313-cp313-musllinux_1_2_i686.whl", hash = "sha256:b97c1e0bd37c5cd7902e65f410779d39eeda155800b65fc4d04cc432efa9bc6e", size = 789545 },
    { url = "https://files.pythonhosted.org/packages/dc/96/53770115e507081122beca8899ab7f5ae28ae790bfcc82b5e38976df6a77/regex-2024.11.6-cp313-cp313-musllinux_1_2_ppc64le.whl", hash = "sha256:f9d1e379028e0fc2ae3654bac3cbbef81bf3fd571272a42d56c24007979bafb6", size = 853045 },
    { url = "https://files.pythonhosted.org/packages/31/d3/1372add5251cc2d44b451bd94f43b2ec78e15a6e82bff6a290ef9fd8f00a/regex-2024.11.6-cp313-cp313-musllinux_1_2_s390x.whl", hash = "sha256:13291b39131e2d002a7940fb176e120bec5145f3aeb7621be6534e46251912c4", size = 860182 },
    { url = "https://files.pythonhosted.org/packages/ed/e3/c446a64984ea9f69982ba1a69d4658d5014bc7a0ea468a07e1a1265db6e2/regex-2024.11.6-cp313-cp313-musllinux_1_2_x86_64.whl", hash = "sha256:4f51f88c126370dcec4908576c5a627220da6c09d0bff31cfa89f2523843316d", size = 787733 },
    { url = "https://files.pythonhosted.org/packages/2b/f1/e40c8373e3480e4f29f2692bd21b3e05f296d3afebc7e5dcf21b9756ca1c/regex-2024.11.6-cp313-cp313-win32.whl", hash = "sha256:63b13cfd72e9601125027202cad74995ab26921d8cd935c25f09c630436348ff", size = 262122 },
    { url = "https://files.pythonhosted.org/packages/45/94/bc295babb3062a731f52621cdc992d123111282e291abaf23faa413443ea/regex-2024.11.6-cp313-cp313-win_amd64.whl", hash = "sha256:2b3361af3198667e99927da8b84c1b010752fa4b1115ee30beaa332cabc3ef1a", size = 273545 },
]

[[package]]
name = "ruff"
version = "0.11.7"
source = { registry = "https://pypi.org/simple" }
sdist = { url = "https://files.pythonhosted.org/packages/5b/89/6f9c9674818ac2e9cc2f2b35b704b7768656e6b7c139064fc7ba8fbc99f1/ruff-0.11.7.tar.gz", hash = "sha256:655089ad3224070736dc32844fde783454f8558e71f501cb207485fe4eee23d4", size = 4054861 }
wheels = [
    { url = "https://files.pythonhosted.org/packages/b4/ec/21927cb906c5614b786d1621dba405e3d44f6e473872e6df5d1a6bca0455/ruff-0.11.7-py3-none-linux_armv6l.whl", hash = "sha256:d29e909d9a8d02f928d72ab7837b5cbc450a5bdf578ab9ebee3263d0a525091c", size = 10245403 },
    { url = "https://files.pythonhosted.org/packages/e2/af/fec85b6c2c725bcb062a354dd7cbc1eed53c33ff3aa665165871c9c16ddf/ruff-0.11.7-py3-none-macosx_10_12_x86_64.whl", hash = "sha256:dd1fb86b168ae349fb01dd497d83537b2c5541fe0626e70c786427dd8363aaee", size = 11007166 },
    { url = "https://files.pythonhosted.org/packages/31/9a/2d0d260a58e81f388800343a45898fd8df73c608b8261c370058b675319a/ruff-0.11.7-py3-none-macosx_11_0_arm64.whl", hash = "sha256:d3d7d2e140a6fbbc09033bce65bd7ea29d6a0adeb90b8430262fbacd58c38ada", size = 10378076 },
    { url = "https://files.pythonhosted.org/packages/c2/c4/9b09b45051404d2e7dd6d9dbcbabaa5ab0093f9febcae664876a77b9ad53/ruff-0.11.7-py3-none-manylinux_2_17_aarch64.manylinux2014_aarch64.whl", hash = "sha256:4809df77de390a1c2077d9b7945d82f44b95d19ceccf0c287c56e4dc9b91ca64", size = 10557138 },
    { url = "https://files.pythonhosted.org/packages/5e/5e/f62a1b6669870a591ed7db771c332fabb30f83c967f376b05e7c91bccd14/ruff-0.11.7-py3-none-manylinux_2_17_armv7l.manylinux2014_armv7l.whl", hash = "sha256:f3a0c2e169e6b545f8e2dba185eabbd9db4f08880032e75aa0e285a6d3f48201", size = 10095726 },
    { url = "https://files.pythonhosted.org/packages/45/59/a7aa8e716f4cbe07c3500a391e58c52caf665bb242bf8be42c62adef649c/ruff-0.11.7-py3-none-manylinux_2_17_i686.manylinux2014_i686.whl", hash = "sha256:49b888200a320dd96a68e86736cf531d6afba03e4f6cf098401406a257fcf3d6", size = 11672265 },
    { url = "https://files.pythonhosted.org/packages/dd/e3/101a8b707481f37aca5f0fcc3e42932fa38b51add87bfbd8e41ab14adb24/ruff-0.11.7-py3-none-manylinux_2_17_ppc64.manylinux2014_ppc64.whl", hash = "sha256:2b19cdb9cf7dae00d5ee2e7c013540cdc3b31c4f281f1dacb5a799d610e90db4", size = 12331418 },
    { url = "https://files.pythonhosted.org/packages/dd/71/037f76cbe712f5cbc7b852e4916cd3cf32301a30351818d32ab71580d1c0/ruff-0.11.7-py3-none-manylinux_2_17_ppc64le.manylinux2014_ppc64le.whl", hash = "sha256:64e0ee994c9e326b43539d133a36a455dbaab477bc84fe7bfbd528abe2f05c1e", size = 11794506 },
    { url = "https://files.pythonhosted.org/packages/ca/de/e450b6bab1fc60ef263ef8fcda077fb4977601184877dce1c59109356084/ruff-0.11.7-py3-none-manylinux_2_17_s390x.manylinux2014_s390x.whl", hash = "sha256:bad82052311479a5865f52c76ecee5d468a58ba44fb23ee15079f17dd4c8fd63", size = 13939084 },
    { url = "https://files.pythonhosted.org/packages/0e/2c/1e364cc92970075d7d04c69c928430b23e43a433f044474f57e425cbed37/ruff-0.11.7-py3-none-manylinux_2_17_x86_64.manylinux2014_x86_64.whl", hash = "sha256:7940665e74e7b65d427b82bffc1e46710ec7f30d58b4b2d5016e3f0321436502", size = 11450441 },
    { url = "https://files.pythonhosted.org/packages/9d/7d/1b048eb460517ff9accd78bca0fa6ae61df2b276010538e586f834f5e402/ruff-0.11.7-py3-none-musllinux_1_2_aarch64.whl", hash = "sha256:169027e31c52c0e36c44ae9a9c7db35e505fee0b39f8d9fca7274a6305295a92", size = 10441060 },
    { url = "https://files.pythonhosted.org/packages/3a/57/8dc6ccfd8380e5ca3d13ff7591e8ba46a3b330323515a4996b991b10bd5d/ruff-0.11.7-py3-none-musllinux_1_2_armv7l.whl", hash = "sha256:305b93f9798aee582e91e34437810439acb28b5fc1fee6b8205c78c806845a94", size = 10058689 },
    { url = "https://files.pythonhosted.org/packages/23/bf/20487561ed72654147817885559ba2aa705272d8b5dee7654d3ef2dbf912/ruff-0.11.7-py3-none-musllinux_1_2_i686.whl", hash = "sha256:a681db041ef55550c371f9cd52a3cf17a0da4c75d6bd691092dfc38170ebc4b6", size = 11073703 },
    { url = "https://files.pythonhosted.org/packages/9d/27/04f2db95f4ef73dccedd0c21daf9991cc3b7f29901a4362057b132075aa4/ruff-0.11.7-py3-none-musllinux_1_2_x86_64.whl", hash = "sha256:07f1496ad00a4a139f4de220b0c97da6d4c85e0e4aa9b2624167b7d4d44fd6b6", size = 11532822 },
    { url = "https://files.pythonhosted.org/packages/e1/72/43b123e4db52144c8add336581de52185097545981ff6e9e58a21861c250/ruff-0.11.7-py3-none-win32.whl", hash = "sha256:f25dfb853ad217e6e5f1924ae8a5b3f6709051a13e9dad18690de6c8ff299e26", size = 10362436 },
    { url = "https://files.pythonhosted.org/packages/c5/a0/3e58cd76fdee53d5c8ce7a56d84540833f924ccdf2c7d657cb009e604d82/ruff-0.11.7-py3-none-win_amd64.whl", hash = "sha256:0a931d85959ceb77e92aea4bbedfded0a31534ce191252721128f77e5ae1f98a", size = 11566676 },
    { url = "https://files.pythonhosted.org/packages/68/ca/69d7c7752bce162d1516e5592b1cc6b6668e9328c0d270609ddbeeadd7cf/ruff-0.11.7-py3-none-win_arm64.whl", hash = "sha256:778c1e5d6f9e91034142dfd06110534ca13220bfaad5c3735f6cb844654f6177", size = 10677936 },
]

[[package]]
name = "six"
version = "1.17.0"
source = { registry = "https://pypi.org/simple" }
sdist = { url = "https://files.pythonhosted.org/packages/94/e7/b2c673351809dca68a0e064b6af791aa332cf192da575fd474ed7d6f16a2/six-1.17.0.tar.gz", hash = "sha256:ff70335d468e7eb6ec65b95b99d3a2836546063f63acc5171de367e834932a81", size = 34031 }
wheels = [
    { url = "https://files.pythonhosted.org/packages/b7/ce/149a00dd41f10bc29e5921b496af8b574d8413afcd5e30dfa0ed46c2cc5e/six-1.17.0-py2.py3-none-any.whl", hash = "sha256:4721f391ed90541fddacab5acf947aa0d3dc7d27b2e1e8eda2be8970586c3274", size = 11050 },
]

[[package]]
name = "sqlparse"
version = "0.5.3"
source = { registry = "https://pypi.org/simple" }
sdist = { url = "https://files.pythonhosted.org/packages/e5/40/edede8dd6977b0d3da179a342c198ed100dd2aba4be081861ee5911e4da4/sqlparse-0.5.3.tar.gz", hash = "sha256:09f67787f56a0b16ecdbde1bfc7f5d9c3371ca683cfeaa8e6ff60b4807ec9272", size = 84999 }
wheels = [
    { url = "https://files.pythonhosted.org/packages/a9/5c/bfd6bd0bf979426d405cc6e71eceb8701b148b16c21d2dc3c261efc61c7b/sqlparse-0.5.3-py3-none-any.whl", hash = "sha256:cf2196ed3418f3ba5de6af7e82c694a9fbdbfecccdfc72e281548517081f16ca", size = 44415 },
]

[[package]]
name = "tqdm"
version = "4.67.1"
source = { registry = "https://pypi.org/simple" }
dependencies = [
    { name = "colorama", marker = "sys_platform == 'win32'" },
]
sdist = { url = "https://files.pythonhosted.org/packages/a8/4b/29b4ef32e036bb34e4ab51796dd745cdba7ed47ad142a9f4a1eb8e0c744d/tqdm-4.67.1.tar.gz", hash = "sha256:f8aef9c52c08c13a65f30ea34f4e5aac3fd1a34959879d7e59e63027286627f2", size = 169737 }
wheels = [
    { url = "https://files.pythonhosted.org/packages/d0/30/dc54f88dd4a2b5dc8a0279bdd7270e735851848b762aeb1c1184ed1f6b14/tqdm-4.67.1-py3-none-any.whl", hash = "sha256:26445eca388f82e72884e0d580d5464cd801a3ea01e63e5601bdff9ba6a48de2", size = 78540 },
]

[[package]]
name = "types-pyyaml"
version = "6.0.12.20250402"
source = { registry = "https://pypi.org/simple" }
sdist = { url = "https://files.pythonhosted.org/packages/2d/68/609eed7402f87c9874af39d35942744e39646d1ea9011765ec87b01b2a3c/types_pyyaml-6.0.12.20250402.tar.gz", hash = "sha256:d7c13c3e6d335b6af4b0122a01ff1d270aba84ab96d1a1a1063ecba3e13ec075", size = 17282 }
wheels = [
    { url = "https://files.pythonhosted.org/packages/ed/56/1fe61db05685fbb512c07ea9323f06ea727125951f1eb4dff110b3311da3/types_pyyaml-6.0.12.20250402-py3-none-any.whl", hash = "sha256:652348fa9e7a203d4b0d21066dfb00760d3cbd5a15ebb7cf8d33c88a49546681", size = 20329 },
]

[[package]]
name = "typing-extensions"
version = "4.13.2"
source = { registry = "https://pypi.org/simple" }
sdist = { url = "https://files.pythonhosted.org/packages/f6/37/23083fcd6e35492953e8d2aaaa68b860eb422b34627b13f2ce3eb6106061/typing_extensions-4.13.2.tar.gz", hash = "sha256:e6c81219bd689f51865d9e372991c540bda33a0379d5573cddb9a3a23f7caaef", size = 106967 }
wheels = [
    { url = "https://files.pythonhosted.org/packages/8b/54/b1ae86c0973cc6f0210b53d508ca3641fb6d0c56823f288d108bc7ab3cc8/typing_extensions-4.13.2-py3-none-any.whl", hash = "sha256:a439e7c04b49fec3e5d3e2beaa21755cadbbdc391694e28ccdd36ca4a1408f8c", size = 45806 },
]

[[package]]
name = "tzdata"
version = "2025.2"
source = { registry = "https://pypi.org/simple" }
sdist = { url = "https://files.pythonhosted.org/packages/95/32/1a225d6164441be760d75c2c42e2780dc0873fe382da3e98a2e1e48361e5/tzdata-2025.2.tar.gz", hash = "sha256:b60a638fcc0daffadf82fe0f57e53d06bdec2f36c4df66280ae79bce6bd6f2b9", size = 196380 }
wheels = [
    { url = "https://files.pythonhosted.org/packages/5c/23/c7abc0ca0a1526a0774eca151daeb8de62ec457e77262b66b359c3c7679e/tzdata-2025.2-py2.py3-none-any.whl", hash = "sha256:1a403fada01ff9221ca8044d701868fa132215d84beb92242d9acd2147f667a8", size = 347839 },
]
